
Microsoft Visual Studio Solution File, Format Version 12.00
# Visual Studio 14
VisualStudioVersion = 14.0.25420.1
MinimumVisualStudioVersion = 10.0.40219.1
Project("{FAE04EC0-301F-11D3-BF4B-00C04F79EFBC}") = "AuthenticationInWebAPI", "AuthenticationInWebAPI\AuthenticationInWebAPI.csproj", "{E4821CEA-E14F-40D9-A8D2-61EF4112454A}"
EndProject
Project("{FAE04EC0-301F-11D3-BF4B-00C04F79EFBC}") = "Client", "Client\Client.csproj", "{FB6F0A84-89CC-43AA-9C6B-19B4B1A542BD}"
EndProject
Global
	GlobalSection(SolutionConfigurationPlatforms) = preSolution
		Debug|Any CPU = Debug|Any CPU
		Release|Any CPU = Release|Any CPU
	EndGlobalSection
	GlobalSection(ProjectConfigurationPlatforms) = postSolution
		{E4821CEA-E14F-40D9-A8D2-61EF4112454A}.Debug|Any CPU.ActiveCfg = Debug|Any CPU
		{E4821CEA-E14F-40D9-A8D2-61EF4112454A}.Debug|Any CPU.Build.0 = Debug|Any CPU
		{E4821CEA-E14F-40D9-A8D2-61EF4112454A}.Release|Any CPU.ActiveCfg = Release|Any CPU
		{E4821CEA-E14F-40D9-A8D2-61EF4112454A}.Release|Any CPU.Build.0 = Release|Any CPU
		{FB6F0A84-89CC-43AA-9C6B-19B4B1A542BD}.Debug|Any CPU.ActiveCfg = Debug|Any CPU
		{FB6F0A84-89CC-43AA-9C6B-19B4B1A542BD}.Debug|Any CPU.Build.0 = Debug|Any CPU
		{FB6F0A84-89CC-43AA-9C6B-19B4B1A542BD}.Release|Any CPU.ActiveCfg = Release|Any CPU
		{FB6F0A84-89CC-43AA-9C6B-19B4B1A542BD}.Release|Any CPU.Build.0 = Release|Any CPU
	EndGlobalSection
	GlobalSection(SolutionProperties) = preSolution
		HideSolutionNode = FALSE
	EndGlobalSection
EndGlobal
